// !$*UTF8*$!
{
	archiveVersion = 1;
	classes = {
	};
	objectVersion = 46;
	objects = {

/* Begin PBXBuildFile section */
		90395DA91EC59DC500AA06E3 /* main.m in Sources */ = {isa = PBXBuildFile; fileRef = 90395DA81EC59DC500AA06E3 /* main.m */; };
		90395DAC1EC59DC500AA06E3 /* AppDelegate.m in Sources */ = {isa = PBXBuildFile; fileRef = 90395DAB1EC59DC500AA06E3 /* AppDelegate.m */; };
		90395DAF1EC59DC500AA06E3 /* ViewController.m in Sources */ = {isa = PBXBuildFile; fileRef = 90395DAE1EC59DC500AA06E3 /* ViewController.m */; };
		90395DB21EC59DC500AA06E3 /* Main.storyboard in Resources */ = {isa = PBXBuildFile; fileRef = 90395DB01EC59DC500AA06E3 /* Main.storyboard */; };
		90395DB41EC59DC500AA06E3 /* Assets.xcassets in Resources */ = {isa = PBXBuildFile; fileRef = 90395DB31EC59DC500AA06E3 /* Assets.xcassets */; };
		90395DB71EC59DC500AA06E3 /* LaunchScreen.storyboard in Resources */ = {isa = PBXBuildFile; fileRef = 90395DB51EC59DC500AA06E3 /* LaunchScreen.storyboard */; };
		90395DC21EC59DC500AA06E3 /* RMWebView_JavaScriptCoreTests.m in Sources */ = {isa = PBXBuildFile; fileRef = 90395DC11EC59DC500AA06E3 /* RMWebView_JavaScriptCoreTests.m */; };
		90395DCD1EC59DC500AA06E3 /* RMWebView_JavaScriptCoreUITests.m in Sources */ = {isa = PBXBuildFile; fileRef = 90395DCC1EC59DC500AA06E3 /* RMWebView_JavaScriptCoreUITests.m */; };
		90395DF11EC59E0800AA06E3 /* highcharts.js in Resources */ = {isa = PBXBuildFile; fileRef = 90395DDB1EC59E0800AA06E3 /* highcharts.js */; };
		90395DF21EC59E0800AA06E3 /* HighchartsView.html in Resources */ = {isa = PBXBuildFile; fileRef = 90395DDC1EC59E0800AA06E3 /* HighchartsView.html */; };
		90395DF31EC59E0800AA06E3 /* HighchartsWebViewController.m in Sources */ = {isa = PBXBuildFile; fileRef = 90395DDE1EC59E0800AA06E3 /* HighchartsWebViewController.m */; };
		90395DF41EC59E0800AA06E3 /* HighchartsWebViewController.xib in Resources */ = {isa = PBXBuildFile; fileRef = 90395DDF1EC59E0800AA06E3 /* HighchartsWebViewController.xib */; };
		90395DF51EC59E0800AA06E3 /* jquery-1.11.0.min.js in Resources */ = {isa = PBXBuildFile; fileRef = 90395DE01EC59E0800AA06E3 /* jquery-1.11.0.min.js */; };
		90395DF61EC59E0800AA06E3 /* JSCallOC.html in Resources */ = {isa = PBXBuildFile; fileRef = 90395DE21EC59E0800AA06E3 /* JSCallOC.html */; };
		90395DF71EC59E0800AA06E3 /* JSCallOCViewController.m in Sources */ = {isa = PBXBuildFile; fileRef = 90395DE41EC59E0800AA06E3 /* JSCallOCViewController.m */; };
		90395DF81EC59E0800AA06E3 /* JSCallOCViewController.xib in Resources */ = {isa = PBXBuildFile; fileRef = 90395DE51EC59E0800AA06E3 /* JSCallOCViewController.xib */; };
		90395DF91EC59E0800AA06E3 /* OCCallJSViewController.m in Sources */ = {isa = PBXBuildFile; fileRef = 90395DE81EC59E0800AA06E3 /* OCCallJSViewController.m */; };
		90395DFA1EC59E0800AA06E3 /* OCCallJSViewController.xib in Resources */ = {isa = PBXBuildFile; fileRef = 90395DE91EC59E0800AA06E3 /* OCCallJSViewController.xib */; };
		90395DFB1EC59E0800AA06E3 /* RootViewController.m in Sources */ = {isa = PBXBuildFile; fileRef = 90395DEB1EC59E0800AA06E3 /* RootViewController.m */; };
		90395DFC1EC59E0800AA06E3 /* RootViewController.xib in Resources */ = {isa = PBXBuildFile; fileRef = 90395DEC1EC59E0800AA06E3 /* RootViewController.xib */; };
		90395DFD1EC59E0800AA06E3 /* SecondViewController.m in Sources */ = {isa = PBXBuildFile; fileRef = 90395DEE1EC59E0800AA06E3 /* SecondViewController.m */; };
		90395DFE1EC59E0800AA06E3 /* SecondViewController.xib in Resources */ = {isa = PBXBuildFile; fileRef = 90395DEF1EC59E0800AA06E3 /* SecondViewController.xib */; };
		90395DFF1EC59E0800AA06E3 /* test.js in Resources */ = {isa = PBXBuildFile; fileRef = 90395DF01EC59E0800AA06E3 /* test.js */; };
/* End PBXBuildFile section */

/* Begin PBXContainerItemProxy section */
		90395DBE1EC59DC500AA06E3 /* PBXContainerItemProxy */ = {
			isa = PBXContainerItemProxy;
			containerPortal = 90395D9C1EC59DC500AA06E3 /* Project object */;
			proxyType = 1;
			remoteGlobalIDString = 90395DA31EC59DC500AA06E3;
			remoteInfo = "RMWebView-JavaScriptCore";
		};
		90395DC91EC59DC500AA06E3 /* PBXContainerItemProxy */ = {
			isa = PBXContainerItemProxy;
			containerPortal = 90395D9C1EC59DC500AA06E3 /* Project object */;
			proxyType = 1;
			remoteGlobalIDString = 90395DA31EC59DC500AA06E3;
			remoteInfo = "RMWebView-JavaScriptCore";
		};
/* End PBXContainerItemProxy section */

/* Begin PBXFileReference section */
		90395DA41EC59DC500AA06E3 /* RMWebView-JavaScriptCore.app */ = {isa = PBXFileReference; explicitFileType = wrapper.application; includeInIndex = 0; path = "RMWebView-JavaScriptCore.app"; sourceTree = BUILT_PRODUCTS_DIR; };
		90395DA81EC59DC500AA06E3 /* main.m */ = {isa = PBXFileReference; lastKnownFileType = sourcecode.c.objc; path = main.m; sourceTree = "<group>"; };
		90395DAA1EC59DC500AA06E3 /* AppDelegate.h */ = {isa = PBXFileReference; lastKnownFileType = sourcecode.c.h; path = AppDelegate.h; sourceTree = "<group>"; };
		90395DAB1EC59DC500AA06E3 /* AppDelegate.m */ = {isa = PBXFileReference; lastKnownFileType = sourcecode.c.objc; path = AppDelegate.m; sourceTree = "<group>"; };
		90395DAD1EC59DC500AA06E3 /* ViewController.h */ = {isa = PBXFileReference; lastKnownFileType = sourcecode.c.h; path = ViewController.h; sourceTree = "<group>"; };
		90395DAE1EC59DC500AA06E3 /* ViewController.m */ = {isa = PBXFileReference; lastKnownFileType = sourcecode.c.objc; path = ViewController.m; sourceTree = "<group>"; };
		90395DB11EC59DC500AA06E3 /* Base */ = {isa = PBXFileReference; lastKnownFileType = file.storyboard; name = Base; path = Base.lproj/Main.storyboard; sourceTree = "<group>"; };
		90395DB31EC59DC500AA06E3 /* Assets.xcassets */ = {isa = PBXFileReference; lastKnownFileType = folder.assetcatalog; path = Assets.xcassets; sourceTree = "<group>"; };
		90395DB61EC59DC500AA06E3 /* Base */ = {isa = PBXFileReference; lastKnownFileType = file.storyboard; name = Base; path = Base.lproj/LaunchScreen.storyboard; sourceTree = "<group>"; };
		90395DB81EC59DC500AA06E3 /* Info.plist */ = {isa = PBXFileReference; lastKnownFileType = text.plist.xml; path = Info.plist; sourceTree = "<group>"; };
		90395DBD1EC59DC500AA06E3 /* RMWebView-JavaScriptCoreTests.xctest */ = {isa = PBXFileReference; explicitFileType = wrapper.cfbundle; includeInIndex = 0; path = "RMWebView-JavaScriptCoreTests.xctest"; sourceTree = BUILT_PRODUCTS_DIR; };
		90395DC11EC59DC500AA06E3 /* RMWebView_JavaScriptCoreTests.m */ = {isa = PBXFileReference; lastKnownFileType = sourcecode.c.objc; path = RMWebView_JavaScriptCoreTests.m; sourceTree = "<group>"; };
		90395DC31EC59DC500AA06E3 /* Info.plist */ = {isa = PBXFileReference; lastKnownFileType = text.plist.xml; path = Info.plist; sourceTree = "<group>"; };
		90395DC81EC59DC500AA06E3 /* RMWebView-JavaScriptCoreUITests.xctest */ = {isa = PBXFileReference; explicitFileType = wrapper.cfbundle; includeInIndex = 0; path = "RMWebView-JavaScriptCoreUITests.xctest"; sourceTree = BUILT_PRODUCTS_DIR; };
		90395DCC1EC59DC500AA06E3 /* RMWebView_JavaScriptCoreUITests.m */ = {isa = PBXFileReference; lastKnownFileType = sourcecode.c.objc; path = RMWebView_JavaScriptCoreUITests.m; sourceTree = "<group>"; };
		90395DCE1EC59DC500AA06E3 /* Info.plist */ = {isa = PBXFileReference; lastKnownFileType = text.plist.xml; path = Info.plist; sourceTree = "<group>"; };
		90395DDB1EC59E0800AA06E3 /* highcharts.js */ = {isa = PBXFileReference; fileEncoding = 4; lastKnownFileType = sourcecode.javascript; path = highcharts.js; sourceTree = "<group>"; };
		90395DDC1EC59E0800AA06E3 /* HighchartsView.html */ = {isa = PBXFileReference; fileEncoding = 4; lastKnownFileType = text.html; path = HighchartsView.html; sourceTree = "<group>"; };
		90395DDD1EC59E0800AA06E3 /* HighchartsWebViewController.h */ = {isa = PBXFileReference; fileEncoding = 4; lastKnownFileType = sourcecode.c.h; path = HighchartsWebViewController.h; sourceTree = "<group>"; };
		90395DDE1EC59E0800AA06E3 /* HighchartsWebViewController.m */ = {isa = PBXFileReference; fileEncoding = 4; lastKnownFileType = sourcecode.c.objc; path = HighchartsWebViewController.m; sourceTree = "<group>"; };
		90395DDF1EC59E0800AA06E3 /* HighchartsWebViewController.xib */ = {isa = PBXFileReference; fileEncoding = 4; lastKnownFileType = file.xib; path = HighchartsWebViewController.xib; sourceTree = "<group>"; };
		90395DE01EC59E0800AA06E3 /* jquery-1.11.0.min.js */ = {isa = PBXFileReference; fileEncoding = 4; lastKnownFileType = sourcecode.javascript; path = "jquery-1.11.0.min.js"; sourceTree = "<group>"; };
		90395DE21EC59E0800AA06E3 /* JSCallOC.html */ = {isa = PBXFileReference; fileEncoding = 4; lastKnownFileType = text.html; path = JSCallOC.html; sourceTree = "<group>"; };
		90395DE31EC59E0800AA06E3 /* JSCallOCViewController.h */ = {isa = PBXFileReference; fileEncoding = 4; lastKnownFileType = sourcecode.c.h; path = JSCallOCViewController.h; sourceTree = "<group>"; };
		90395DE41EC59E0800AA06E3 /* JSCallOCViewController.m */ = {isa = PBXFileReference; fileEncoding = 4; lastKnownFileType = sourcecode.c.objc; path = JSCallOCViewController.m; sourceTree = "<group>"; };
		90395DE51EC59E0800AA06E3 /* JSCallOCViewController.xib */ = {isa = PBXFileReference; fileEncoding = 4; lastKnownFileType = file.xib; path = JSCallOCViewController.xib; sourceTree = "<group>"; };
		90395DE71EC59E0800AA06E3 /* OCCallJSViewController.h */ = {isa = PBXFileReference; fileEncoding = 4; lastKnownFileType = sourcecode.c.h; path = OCCallJSViewController.h; sourceTree = "<group>"; };
		90395DE81EC59E0800AA06E3 /* OCCallJSViewController.m */ = {isa = PBXFileReference; fileEncoding = 4; lastKnownFileType = sourcecode.c.objc; path = OCCallJSViewController.m; sourceTree = "<group>"; };
		90395DE91EC59E0800AA06E3 /* OCCallJSViewController.xib */ = {isa = PBXFileReference; fileEncoding = 4; lastKnownFileType = file.xib; path = OCCallJSViewController.xib; sourceTree = "<group>"; };
		90395DEA1EC59E0800AA06E3 /* RootViewController.h */ = {isa = PBXFileReference; fileEncoding = 4; lastKnownFileType = sourcecode.c.h; path = RootViewController.h; sourceTree = "<group>"; };
		90395DEB1EC59E0800AA06E3 /* RootViewController.m */ = {isa = PBXFileReference; fileEncoding = 4; lastKnownFileType = sourcecode.c.objc; path = RootViewController.m; sourceTree = "<group>"; };
		90395DEC1EC59E0800AA06E3 /* RootViewController.xib */ = {isa = PBXFileReference; fileEncoding = 4; lastKnownFileType = file.xib; path = RootViewController.xib; sourceTree = "<group>"; };
		90395DED1EC59E0800AA06E3 /* SecondViewController.h */ = {isa = PBXFileReference; fileEncoding = 4; lastKnownFileType = sourcecode.c.h; path = SecondViewController.h; sourceTree = "<group>"; };
		90395DEE1EC59E0800AA06E3 /* SecondViewController.m */ = {isa = PBXFileReference; fileEncoding = 4; lastKnownFileType = sourcecode.c.objc; path = SecondViewController.m; sourceTree = "<group>"; };
		90395DEF1EC59E0800AA06E3 /* SecondViewController.xib */ = {isa = PBXFileReference; fileEncoding = 4; lastKnownFileType = file.xib; path = SecondViewController.xib; sourceTree = "<group>"; };
		90395DF01EC59E0800AA06E3 /* test.js */ = {isa = PBXFileReference; fileEncoding = 4; lastKnownFileType = sourcecode.javascript; path = test.js; sourceTree = "<group>"; };
/* End PBXFileReference section */

/* Begin PBXFrameworksBuildPhase section */
		90395DA11EC59DC500AA06E3 /* Frameworks */ = {
			isa = PBXFrameworksBuildPhase;
			buildActionMask = 2147483647;
			files = (
			);
			runOnlyForDeploymentPostprocessing = 0;
		};
		90395DBA1EC59DC500AA06E3 /* Frameworks */ = {
			isa = PBXFrameworksBuildPhase;
			buildActionMask = 2147483647;
			files = (
			);
			runOnlyForDeploymentPostprocessing = 0;
		};
		90395DC51EC59DC500AA06E3 /* Frameworks */ = {
			isa = PBXFrameworksBuildPhase;
			buildActionMask = 2147483647;
			files = (
			);
			runOnlyForDeploymentPostprocessing = 0;
		};
/* End PBXFrameworksBuildPhase section */

/* Begin PBXGroup section */
		90395D9B1EC59DC500AA06E3 = {
			isa = PBXGroup;
			children = (
				90395DA61EC59DC500AA06E3 /* RMWebView-JavaScriptCore */,
				90395DC01EC59DC500AA06E3 /* RMWebView-JavaScriptCoreTests */,
				90395DCB1EC59DC500AA06E3 /* RMWebView-JavaScriptCoreUITests */,
				90395DA51EC59DC500AA06E3 /* Products */,
			);
			sourceTree = "<group>";
		};
		90395DA51EC59DC500AA06E3 /* Products */ = {
			isa = PBXGroup;
			children = (
				90395DA41EC59DC500AA06E3 /* RMWebView-JavaScriptCore.app */,
				90395DBD1EC59DC500AA06E3 /* RMWebView-JavaScriptCoreTests.xctest */,
				90395DC81EC59DC500AA06E3 /* RMWebView-JavaScriptCoreUITests.xctest */,
			);
			name = Products;
			sourceTree = "<group>";
		};
		90395DA61EC59DC500AA06E3 /* RMWebView-JavaScriptCore */ = {
			isa = PBXGroup;
			children = (
				90395DDA1EC59E0800AA06E3 /* HighcharsWebView */,
				90395DE11EC59E0800AA06E3 /* JSCallOC */,
				90395DE61EC59E0800AA06E3 /* OCCallJS */,
				90395DEA1EC59E0800AA06E3 /* RootViewController.h */,
				90395DEB1EC59E0800AA06E3 /* RootViewController.m */,
				90395DEC1EC59E0800AA06E3 /* RootViewController.xib */,
				90395DED1EC59E0800AA06E3 /* SecondViewController.h */,
				90395DEE1EC59E0800AA06E3 /* SecondViewController.m */,
				90395DEF1EC59E0800AA06E3 /* SecondViewController.xib */,
				90395DF01EC59E0800AA06E3 /* test.js */,
				90395DAA1EC59DC500AA06E3 /* AppDelegate.h */,
				90395DAB1EC59DC500AA06E3 /* AppDelegate.m */,
				90395DAD1EC59DC500AA06E3 /* ViewController.h */,
				90395DAE1EC59DC500AA06E3 /* ViewController.m */,
				90395DB01EC59DC500AA06E3 /* Main.storyboard */,
				90395DB31EC59DC500AA06E3 /* Assets.xcassets */,
				90395DB51EC59DC500AA06E3 /* LaunchScreen.storyboard */,
				90395DB81EC59DC500AA06E3 /* Info.plist */,
				90395DA71EC59DC500AA06E3 /* Supporting Files */,
			);
			path = "RMWebView-JavaScriptCore";
			sourceTree = "<group>";
		};
		90395DA71EC59DC500AA06E3 /* Supporting Files */ = {
			isa = PBXGroup;
			children = (
				90395DA81EC59DC500AA06E3 /* main.m */,
			);
			name = "Supporting Files";
			sourceTree = "<group>";
		};
		90395DC01EC59DC500AA06E3 /* RMWebView-JavaScriptCoreTests */ = {
			isa = PBXGroup;
			children = (
				90395DC11EC59DC500AA06E3 /* RMWebView_JavaScriptCoreTests.m */,
				90395DC31EC59DC500AA06E3 /* Info.plist */,
			);
			path = "RMWebView-JavaScriptCoreTests";
			sourceTree = "<group>";
		};
		90395DCB1EC59DC500AA06E3 /* RMWebView-JavaScriptCoreUITests */ = {
			isa = PBXGroup;
			children = (
				90395DCC1EC59DC500AA06E3 /* RMWebView_JavaScriptCoreUITests.m */,
				90395DCE1EC59DC500AA06E3 /* Info.plist */,
			);
			path = "RMWebView-JavaScriptCoreUITests";
			sourceTree = "<group>";
		};
		90395DDA1EC59E0800AA06E3 /* HighcharsWebView */ = {
			isa = PBXGroup;
			children = (
				90395DDB1EC59E0800AA06E3 /* highcharts.js */,
				90395DDC1EC59E0800AA06E3 /* HighchartsView.html */,
				90395DDD1EC59E0800AA06E3 /* HighchartsWebViewController.h */,
				90395DDE1EC59E0800AA06E3 /* HighchartsWebViewController.m */,
				90395DDF1EC59E0800AA06E3 /* HighchartsWebViewController.xib */,
				90395DE01EC59E0800AA06E3 /* jquery-1.11.0.min.js */,
			);
			path = HighcharsWebView;
			sourceTree = "<group>";
		};
		90395DE11EC59E0800AA06E3 /* JSCallOC */ = {
			isa = PBXGroup;
			children = (
				90395DE21EC59E0800AA06E3 /* JSCallOC.html */,
				90395DE31EC59E0800AA06E3 /* JSCallOCViewController.h */,
				90395DE41EC59E0800AA06E3 /* JSCallOCViewController.m */,
				90395DE51EC59E0800AA06E3 /* JSCallOCViewController.xib */,
			);
			path = JSCallOC;
			sourceTree = "<group>";
		};
		90395DE61EC59E0800AA06E3 /* OCCallJS */ = {
			isa = PBXGroup;
			children = (
				90395DE71EC59E0800AA06E3 /* OCCallJSViewController.h */,
				90395DE81EC59E0800AA06E3 /* OCCallJSViewController.m */,
				90395DE91EC59E0800AA06E3 /* OCCallJSViewController.xib */,
			);
			path = OCCallJS;
			sourceTree = "<group>";
		};
/* End PBXGroup section */

/* Begin PBXNativeTarget section */
		90395DA31EC59DC500AA06E3 /* RMWebView-JavaScriptCore */ = {
			isa = PBXNativeTarget;
			buildConfigurationList = 90395DD11EC59DC500AA06E3 /* Build configuration list for PBXNativeTarget "RMWebView-JavaScriptCore" */;
			buildPhases = (
				90395DA01EC59DC500AA06E3 /* Sources */,
				90395DA11EC59DC500AA06E3 /* Frameworks */,
				90395DA21EC59DC500AA06E3 /* Resources */,
			);
			buildRules = (
			);
			dependencies = (
			);
			name = "RMWebView-JavaScriptCore";
			productName = "RMWebView-JavaScriptCore";
			productReference = 90395DA41EC59DC500AA06E3 /* RMWebView-JavaScriptCore.app */;
			productType = "com.apple.product-type.application";
		};
		90395DBC1EC59DC500AA06E3 /* RMWebView-JavaScriptCoreTests */ = {
			isa = PBXNativeTarget;
			buildConfigurationList = 90395DD41EC59DC500AA06E3 /* Build configuration list for PBXNativeTarget "RMWebView-JavaScriptCoreTests" */;
			buildPhases = (
				90395DB91EC59DC500AA06E3 /* Sources */,
				90395DBA1EC59DC500AA06E3 /* Frameworks */,
				90395DBB1EC59DC500AA06E3 /* Resources */,
			);
			buildRules = (
			);
			dependencies = (
				90395DBF1EC59DC500AA06E3 /* PBXTargetDependency */,
			);
			name = "RMWebView-JavaScriptCoreTests";
			productName = "RMWebView-JavaScriptCoreTests";
			productReference = 90395DBD1EC59DC500AA06E3 /* RMWebView-JavaScriptCoreTests.xctest */;
			productType = "com.apple.product-type.bundle.unit-test";
		};
		90395DC71EC59DC500AA06E3 /* RMWebView-JavaScriptCoreUITests */ = {
			isa = PBXNativeTarget;
			buildConfigurationList = 90395DD71EC59DC500AA06E3 /* Build configuration list for PBXNativeTarget "RMWebView-JavaScriptCoreUITests" */;
			buildPhases = (
				90395DC41EC59DC500AA06E3 /* Sources */,
				90395DC51EC59DC500AA06E3 /* Frameworks */,
				90395DC61EC59DC500AA06E3 /* Resources */,
			);
			buildRules = (
			);
			dependencies = (
				90395DCA1EC59DC500AA06E3 /* PBXTargetDependency */,
			);
			name = "RMWebView-JavaScriptCoreUITests";
			productName = "RMWebView-JavaScriptCoreUITests";
			productReference = 90395DC81EC59DC500AA06E3 /* RMWebView-JavaScriptCoreUITests.xctest */;
			productType = "com.apple.product-type.bundle.ui-testing";
		};
/* End PBXNativeTarget section */

/* Begin PBXProject section */
		90395D9C1EC59DC500AA06E3 /* Project object */ = {
			isa = PBXProject;
			attributes = {
				LastUpgradeCheck = 0830;
				ORGANIZATIONNAME = rm;
				TargetAttributes = {
					90395DA31EC59DC500AA06E3 = {
						CreatedOnToolsVersion = 8.3.2;
						ProvisioningStyle = Automatic;
					};
					90395DBC1EC59DC500AA06E3 = {
						CreatedOnToolsVersion = 8.3.2;
						ProvisioningStyle = Automatic;
						TestTargetID = 90395DA31EC59DC500AA06E3;
					};
					90395DC71EC59DC500AA06E3 = {
						CreatedOnToolsVersion = 8.3.2;
						ProvisioningStyle = Automatic;
						TestTargetID = 90395DA31EC59DC500AA06E3;
					};
				};
			};
			buildConfigurationList = 90395D9F1EC59DC500AA06E3 /* Build configuration list for PBXProject "RMWebView-JavaScriptCore" */;
			compatibilityVersion = "Xcode 3.2";
			developmentRegion = English;
			hasScannedForEncodings = 0;
			knownRegions = (
				en,
				Base,
			);
			mainGroup = 90395D9B1EC59DC500AA06E3;
			productRefGroup = 90395DA51EC59DC500AA06E3 /* Products */;
			projectDirPath = "";
			projectRoot = "";
			targets = (
				90395DA31EC59DC500AA06E3 /* RMWebView-JavaScriptCore */,
				90395DBC1EC59DC500AA06E3 /* RMWebView-JavaScriptCoreTests */,
				90395DC71EC59DC500AA06E3 /* RMWebView-JavaScriptCoreUITests */,
			);
		};
/* End PBXProject section */

/* Begin PBXResourcesBuildPhase section */
		90395DA21EC59DC500AA06E3 /* Resources */ = {
			isa = PBXResourcesBuildPhase;
			buildActionMask = 2147483647;
			files = (
				90395DB71EC59DC500AA06E3 /* LaunchScreen.storyboard in Resources */,
				90395DF11EC59E0800AA06E3 /* highcharts.js in Resources */,
				90395DF41EC59E0800AA06E3 /* HighchartsWebViewController.xib in Resources */,
				90395DF81EC59E0800AA06E3 /* JSCallOCViewController.xib in Resources */,
				90395DF61EC59E0800AA06E3 /* JSCallOC.html in Resources */,
				90395DFA1EC59E0800AA06E3 /* OCCallJSViewController.xib in Resources */,
				90395DB41EC59DC500AA06E3 /* Assets.xcassets in Resources */,
				90395DF51EC59E0800AA06E3 /* jquery-1.11.0.min.js in Resources */,
				90395DFE1EC59E0800AA06E3 /* SecondViewController.xib in Resources */,
				90395DFC1EC59E0800AA06E3 /* RootViewController.xib in Resources */,
				90395DF21EC59E0800AA06E3 /* HighchartsView.html in Resources */,
				90395DB21EC59DC500AA06E3 /* Main.storyboard in Resources */,
				90395DFF1EC59E0800AA06E3 /* test.js in Resources */,
			);
			runOnlyForDeploymentPostprocessing = 0;
		};
		90395DBB1EC59DC500AA06E3 /* Resources */ = {
			isa = PBXResourcesBuildPhase;
			buildActionMask = 2147483647;
			files = (
			);
			runOnlyForDeploymentPostprocessing = 0;
		};
		90395DC61EC59DC500AA06E3 /* Resources */ = {
			isa = PBXResourcesBuildPhase;
			buildActionMask = 2147483647;
			files = (
			);
			runOnlyForDeploymentPostprocessing = 0;
		};
/* End PBXResourcesBuildPhase section */

/* Begin PBXSourcesBuildPhase section */
		90395DA01EC59DC500AA06E3 /* Sources */ = {
			isa = PBXSourcesBuildPhase;
			buildActionMask = 2147483647;
			files = (
				90395DAF1EC59DC500AA06E3 /* ViewController.m in Sources */,
				90395DFB1EC59E0800AA06E3 /* RootViewController.m in Sources */,
				90395DAC1EC59DC500AA06E3 /* AppDelegate.m in Sources */,
				90395DF31EC59E0800AA06E3 /* HighchartsWebViewController.m in Sources */,
				90395DFD1EC59E0800AA06E3 /* SecondViewController.m in Sources */,
				90395DF91EC59E0800AA06E3 /* OCCallJSViewController.m in Sources */,
				90395DF71EC59E0800AA06E3 /* JSCallOCViewController.m in Sources */,
				90395DA91EC59DC500AA06E3 /* main.m in Sources */,
			);
			runOnlyForDeploymentPostprocessing = 0;
		};
		90395DB91EC59DC500AA06E3 /* Sources */ = {
			isa = PBXSourcesBuildPhase;
			buildActionMask = 2147483647;
			files = (
				90395DC21EC59DC500AA06E3 /* RMWebView_JavaScriptCoreTests.m in Sources */,
			);
			runOnlyForDeploymentPostprocessing = 0;
		};
		90395DC41EC59DC500AA06E3 /* Sources */ = {
			isa = PBXSourcesBuildPhase;
			buildActionMask = 2147483647;
			files = (
				90395DCD1EC59DC500AA06E3 /* RMWebView_JavaScriptCoreUITests.m in Sources */,
			);
			runOnlyForDeploymentPostprocessing = 0;
		};
/* End PBXSourcesBuildPhase section */

/* Begin PBXTargetDependency section */
		90395DBF1EC59DC500AA06E3 /* PBXTargetDependency */ = {
			isa = PBXTargetDependency;
			target = 90395DA31EC59DC500AA06E3 /* RMWebView-JavaScriptCore */;
			targetProxy = 90395DBE1EC59DC500AA06E3 /* PBXContainerItemProxy */;
		};
		90395DCA1EC59DC500AA06E3 /* PBXTargetDependency */ = {
			isa = PBXTargetDependency;
			target = 90395DA31EC59DC500AA06E3 /* RMWebView-JavaScriptCore */;
			targetProxy = 90395DC91EC59DC500AA06E3 /* PBXContainerItemProxy */;
		};
/* End PBXTargetDependency section */

/* Begin PBXVariantGroup section */
		90395DB01EC59DC500AA06E3 /* Main.storyboard */ = {
			isa = PBXVariantGroup;
			children = (
				90395DB11EC59DC500AA06E3 /* Base */,
			);
			name = Main.storyboard;
			sourceTree = "<group>";
		};
		90395DB51EC59DC500AA06E3 /* LaunchScreen.storyboard */ = {
			isa = PBXVariantGroup;
			children = (
				90395DB61EC59DC500AA06E3 /* Base */,
			);
			name = LaunchScreen.storyboard;
			sourceTree = "<group>";
		};
/* End PBXVariantGroup section */

/* Begin XCBuildConfiguration section */
		90395DCF1EC59DC500AA06E3 /* Debug */ = {
			isa = XCBuildConfiguration;
			buildSettings = {
				ALWAYS_SEARCH_USER_PATHS = NO;
				CLANG_ANALYZER_NONNULL = YES;
				CLANG_ANALYZER_NUMBER_OBJECT_CONVERSION = YES_AGGRESSIVE;
				CLANG_CXX_LANGUAGE_STANDARD = "gnu++0x";
				CLANG_CXX_LIBRARY = "libc++";
				CLANG_ENABLE_MODULES = YES;
				CLANG_ENABLE_OBJC_ARC = YES;
				CLANG_WARN_BOOL_CONVERSION = YES;
				CLANG_WARN_CONSTANT_CONVERSION = YES;
				CLANG_WARN_DIRECT_OBJC_ISA_USAGE = YES_ERROR;
				CLANG_WARN_DOCUMENTATION_COMMENTS = YES;
				CLANG_WARN_EMPTY_BODY = YES;
				CLANG_WARN_ENUM_CONVERSION = YES;
				CLANG_WARN_INFINITE_RECURSION = YES;
				CLANG_WARN_INT_CONVERSION = YES;
				CLANG_WARN_OBJC_ROOT_CLASS = YES_ERROR;
				CLANG_WARN_SUSPICIOUS_MOVE = YES;
				CLANG_WARN_UNREACHABLE_CODE = YES;
				CLANG_WARN__DUPLICATE_METHOD_MATCH = YES;
				"CODE_SIGN_IDENTITY[sdk=iphoneos*]" = "iPhone Developer";
				COPY_PHASE_STRIP = NO;
				DEBUG_INFORMATION_FORMAT = dwarf;
				ENABLE_STRICT_OBJC_MSGSEND = YES;
				ENABLE_TESTABILITY = YES;
				GCC_C_LANGUAGE_STANDARD = gnu99;
				GCC_DYNAMIC_NO_PIC = NO;
				GCC_NO_COMMON_BLOCKS = YES;
				GCC_OPTIMIZATION_LEVEL = 0;
				GCC_PREPROCESSOR_DEFINITIONS = (
					"DEBUG=1",
					"$(inherited)",
				);
				GCC_WARN_64_TO_32_BIT_CONVERSION = YES;
				GCC_WARN_ABOUT_RETURN_TYPE = YES_ERROR;
				GCC_WARN_UNDECLARED_SELECTOR = YES;
				GCC_WARN_UNINITIALIZED_AUTOS = YES_AGGRESSIVE;
				GCC_WARN_UNUSED_FUNCTION = YES;
				GCC_WARN_UNUSED_VARIABLE = YES;
				IPHONEOS_DEPLOYMENT_TARGET = 10.3;
				MTL_ENABLE_DEBUG_INFO = YES;
				ONLY_ACTIVE_ARCH = YES;
				SDKROOT = iphoneos;
			};
			name = Debug;
		};
		90395DD01EC59DC500AA06E3 /* Release */ = {
			isa = XCBuildConfiguration;
			buildSettings = {
				ALWAYS_SEARCH_USER_PATHS = NO;
				CLANG_ANALYZER_NONNULL = YES;
				CLANG_ANALYZER_NUMBER_OBJECT_CONVERSION = YES_AGGRESSIVE;
				CLANG_CXX_LANGUAGE_STANDARD = "gnu++0x";
				CLANG_CXX_LIBRARY = "libc++";
				CLANG_ENABLE_MODULES = YES;
				CLANG_ENABLE_OBJC_ARC = YES;
				CLANG_WARN_BOOL_CONVERSION = YES;
				CLANG_WARN_CONSTANT_CONVERSION = YES;
				CLANG_WARN_DIRECT_OBJC_ISA_USAGE = YES_ERROR;
				CLANG_WARN_DOCUMENTATION_COMMENTS = YES;
				CLANG_WARN_EMPTY_BODY = YES;
				CLANG_WARN_ENUM_CONVERSION = YES;
				CLANG_WARN_INFINITE_RECURSION = YES;
				CLANG_WARN_INT_CONVERSION = YES;
				CLANG_WARN_OBJC_ROOT_CLASS = YES_ERROR;
				CLANG_WARN_SUSPICIOUS_MOVE = YES;
				CLANG_WARN_UNREACHABLE_CODE = YES;
				CLANG_WARN__DUPLICATE_METHOD_MATCH = YES;
				"CODE_SIGN_IDENTITY[sdk=iphoneos*]" = "iPhone Developer";
				COPY_PHASE_STRIP = NO;
				DEBUG_INFORMATION_FORMAT = "dwarf-with-dsym";
				ENABLE_NS_ASSERTIONS = NO;
				ENABLE_STRICT_OBJC_MSGSEND = YES;
				GCC_C_LANGUAGE_STANDARD = gnu99;
				GCC_NO_COMMON_BLOCKS = YES;
				GCC_WARN_64_TO_32_BIT_CONVERSION = YES;
				GCC_WARN_ABOUT_RETURN_TYPE = YES_ERROR;
				GCC_WARN_UNDECLARED_SELECTOR = YES;
				GCC_WARN_UNINITIALIZED_AUTOS = YES_AGGRESSIVE;
				GCC_WARN_UNUSED_FUNCTION = YES;
				GCC_WARN_UNUSED_VARIABLE = YES;
				IPHONEOS_DEPLOYMENT_TARGET = 10.3;
				MTL_ENABLE_DEBUG_INFO = NO;
				SDKROOT = iphoneos;
				VALIDATE_PRODUCT = YES;
			};
			name = Release;
		};
		90395DD21EC59DC500AA06E3 /* Debug */ = {
			isa = XCBuildConfiguration;
			buildSettings = {
				ASSETCATALOG_COMPILER_APPICON_NAME = AppIcon;
				INFOPLIST_FILE = "RMWebView-JavaScriptCore/Info.plist";
				LD_RUNPATH_SEARCH_PATHS = "$(inherited) @executable_path/Frameworks";
				PRODUCT_BUNDLE_IDENTIFIER = "com.RongMei.RMWebView-JavaScriptCore";
				PRODUCT_NAME = "$(TARGET_NAME)";
			};
			name = Debug;
		};
		90395DD31EC59DC500AA06E3 /* Release */ = {
			isa = XCBuildConfiguration;
			buildSettings = {
				ASSETCATALOG_COMPILER_APPICON_NAME = AppIcon;
				INFOPLIST_FILE = "RMWebView-JavaScriptCore/Info.plist";
				LD_RUNPATH_SEARCH_PATHS = "$(inherited) @executable_path/Frameworks";
				PRODUCT_BUNDLE_IDENTIFIER = "com.RongMei.RMWebView-JavaScriptCore";
				PRODUCT_NAME = "$(TARGET_NAME)";
			};
			name = Release;
		};
		90395DD51EC59DC500AA06E3 /* Debug */ = {
			isa = XCBuildConfiguration;
			buildSettings = {
				BUNDLE_LOADER = "$(TEST_HOST)";
				INFOPLIST_FILE = "RMWebView-JavaScriptCoreTests/Info.plist";
				LD_RUNPATH_SEARCH_PATHS = "$(inherited) @executable_path/Frameworks @loader_path/Frameworks";
				PRODUCT_BUNDLE_IDENTIFIER = "com.RongMei.RMWebView-JavaScriptCoreTests";
				PRODUCT_NAME = "$(TARGET_NAME)";
				TEST_HOST = "$(BUILT_PRODUCTS_DIR)/RMWebView-JavaScriptCore.app/RMWebView-JavaScriptCore";
			};
			name = Debug;
		};
		90395DD61EC59DC500AA06E3 /* Release */ = {
			isa = XCBuildConfiguration;
			buildSettings = {
				BUNDLE_LOADER = "$(TEST_HOST)";
				INFOPLIST_FILE = "RMWebView-JavaScriptCoreTests/Info.plist";
				LD_RUNPATH_SEARCH_PATHS = "$(inherited) @executable_path/Frameworks @loader_path/Frameworks";
				PRODUCT_BUNDLE_IDENTIFIER = "com.RongMei.RMWebView-JavaScriptCoreTests";
				PRODUCT_NAME = "$(TARGET_NAME)";
				TEST_HOST = "$(BUILT_PRODUCTS_DIR)/RMWebView-JavaScriptCore.app/RMWebView-JavaScriptCore";
			};
			name = Release;
		};
		90395DD81EC59DC500AA06E3 /* Debug */ = {
			isa = XCBuildConfiguration;
			buildSettings = {
				INFOPLIST_FILE = "RMWebView-JavaScriptCoreUITests/Info.plist";
				LD_RUNPATH_SEARCH_PATHS = "$(inherited) @executable_path/Frameworks @loader_path/Frameworks";
				PRODUCT_BUNDLE_IDENTIFIER = "com.RongMei.RMWebView-JavaScriptCoreUITests";
				PRODUCT_NAME = "$(TARGET_NAME)";
				TEST_TARGET_NAME = "RMWebView-JavaScriptCore";
			};
			name = Debug;
		};
		90395DD91EC59DC500AA06E3 /* Release */ = {
			isa = XCBuildConfiguration;
			buildSettings = {
				INFOPLIST_FILE = "RMWebView-JavaScriptCoreUITests/Info.plist";
				LD_RUNPATH_SEARCH_PATHS = "$(inherited) @executable_path/Frameworks @loader_path/Frameworks";
				PRODUCT_BUNDLE_IDENTIFIER = "com.RongMei.RMWebView-JavaScriptCoreUITests";
				PRODUCT_NAME = "$(TARGET_NAME)";
				TEST_TARGET_NAME = "RMWebView-JavaScriptCore";
			};
			name = Release;
		};
/* End XCBuildConfiguration section */

/* Begin XCConfigurationList section */
		90395D9F1EC59DC500AA06E3 /* Build configuration list for PBXProject "RMWebView-JavaScriptCore" */ = {
			isa = XCConfigurationList;
			buildConfigurations = (
				90395DCF1EC59DC500AA06E3 /* Debug */,
				90395DD01EC59DC500AA06E3 /* Release */,
			);
			defaultConfigurationIsVisible = 0;
			defaultConfigurationName = Release;
		};
		90395DD11EC59DC500AA06E3 /* Build configuration list for PBXNativeTarget "RMWebView-JavaScriptCore" */ = {
			isa = XCConfigurationList;
			buildConfigurations = (
				90395DD21EC59DC500AA06E3 /* Debug */,
				90395DD31EC59DC500AA06E3 /* Release */,
			);
			defaultConfigurationIsVisible = 0;
		};
		90395DD41EC59DC500AA06E3 /* Build configuration list for PBXNativeTarget "RMWebView-JavaScriptCoreTests" */ = {
			isa = XCConfigurationList;
			buildConfigurations = (
				90395DD51EC59DC500AA06E3 /* Debug */,
				90395DD61EC59DC500AA06E3 /* Release */,
			);
			defaultConfigurationIsVisible = 0;
		};
		90395DD71EC59DC500AA06E3 /* Build configuration list for PBXNativeTarget "RMWebView-JavaScriptCoreUITests" */ = {
			isa = XCConfigurationList;
			buildConfigurations = (
				90395DD81EC59DC500AA06E3 /* Debug */,
				90395DD91EC59DC500AA06E3 /* Release */,
			);
			defaultConfigurationIsVisible = 0;
		};
/* End XCConfigurationList section */
	};
	rootObject = 90395D9C1EC59DC500AA06E3 /* Project object */;
}
